// !$*UTF8*$!
{
	archiveVersion = 1;
	classes = {
	};
	objectVersion = 50;
	objects = {

/* Begin PBXBuildFile section */
		37080FC125BEAAC10045C609 /* tinyfiledialogs.c in Sources */ = {isa = PBXBuildFile; fileRef = 37080FC025BEAAC00045C609 /* tinyfiledialogs.c */; };
		372B242A25480402006405C4 /* main.cpp in Sources */ = {isa = PBXBuildFile; fileRef = 372B242925480402006405C4 /* main.cpp */; };
		372B246825480477006405C4 /* libopencv_xfeatures2d.4.5.0.dylib in Frameworks */ = {isa = PBXBuildFile; fileRef = 372B243225480476006405C4 /* libopencv_xfeatures2d.4.5.0.dylib */; };
		372B246925480477006405C4 /* libopencv_surface_matching.4.5.0.dylib in Frameworks */ = {isa = PBXBuildFile; fileRef = 372B243325480476006405C4 /* libopencv_surface_matching.4.5.0.dylib */; };
		372B246A25480477006405C4 /* libopencv_fuzzy.4.5.0.dylib in Frameworks */ = {isa = PBXBuildFile; fileRef = 372B243425480476006405C4 /* libopencv_fuzzy.4.5.0.dylib */; };
		372B246B25480477006405C4 /* libopencv_video.4.5.0.dylib in Frameworks */ = {isa = PBXBuildFile; fileRef = 372B243525480476006405C4 /* libopencv_video.4.5.0.dylib */; };
		372B246C25480477006405C4 /* libopencv_videostab.4.5.0.dylib in Frameworks */ = {isa = PBXBuildFile; fileRef = 372B243625480476006405C4 /* libopencv_videostab.4.5.0.dylib */; };
		372B246D25480477006405C4 /* libopencv_ml.4.5.0.dylib in Frameworks */ = {isa = PBXBuildFile; fileRef = 372B243725480476006405C4 /* libopencv_ml.4.5.0.dylib */; };
		372B246E25480477006405C4 /* libopencv_freetype.4.5.0.dylib in Frameworks */ = {isa = PBXBuildFile; fileRef = 372B243825480476006405C4 /* libopencv_freetype.4.5.0.dylib */; };
		372B246F25480477006405C4 /* libopencv_intensity_transform.4.5.0.dylib in Frameworks */ = {isa = PBXBuildFile; fileRef = 372B243925480476006405C4 /* libopencv_intensity_transform.4.5.0.dylib */; };
		372B247025480477006405C4 /* libopencv_face.4.5.0.dylib in Frameworks */ = {isa = PBXBuildFile; fileRef = 372B243A25480476006405C4 /* libopencv_face.4.5.0.dylib */; };
		372B247125480477006405C4 /* libopencv_bgsegm.4.5.0.dylib in Frameworks */ = {isa = PBXBuildFile; fileRef = 372B243B25480476006405C4 /* libopencv_bgsegm.4.5.0.dylib */; };
		372B247225480477006405C4 /* libopencv_flann.4.5.0.dylib in Frameworks */ = {isa = PBXBuildFile; fileRef = 372B243C25480476006405C4 /* libopencv_flann.4.5.0.dylib */; };
		372B247325480477006405C4 /* libopencv_shape.4.5.0.dylib in Frameworks */ = {isa = PBXBuildFile; fileRef = 372B243D25480476006405C4 /* libopencv_shape.4.5.0.dylib */; };
		372B247425480477006405C4 /* libopencv_mcc.4.5.0.dylib in Frameworks */ = {isa = PBXBuildFile; fileRef = 372B243E25480476006405C4 /* libopencv_mcc.4.5.0.dylib */; };
		372B247525480477006405C4 /* libopencv_alphamat.4.5.0.dylib in Frameworks */ = {isa = PBXBuildFile; fileRef = 372B243F25480476006405C4 /* libopencv_alphamat.4.5.0.dylib */; };
		372B247625480477006405C4 /* libopencv_reg.4.5.0.dylib in Frameworks */ = {isa = PBXBuildFile; fileRef = 372B244025480476006405C4 /* libopencv_reg.4.5.0.dylib */; };
		372B247725480477006405C4 /* libopencv_highgui.4.5.0.dylib in Frameworks */ = {isa = PBXBuildFile; fileRef = 372B244125480476006405C4 /* libopencv_highgui.4.5.0.dylib */; };
		372B247825480477006405C4 /* libopencv_viz.4.5.0.dylib in Frameworks */ = {isa = PBXBuildFile; fileRef = 372B244225480476006405C4 /* libopencv_viz.4.5.0.dylib */; };
		372B247925480477006405C4 /* libopencv_imgcodecs.4.5.0.dylib in Frameworks */ = {isa = PBXBuildFile; fileRef = 372B244325480476006405C4 /* libopencv_imgcodecs.4.5.0.dylib */; };
		372B247A25480477006405C4 /* libopencv_saliency.4.5.0.dylib in Frameworks */ = {isa = PBXBuildFile; fileRef = 372B244425480476006405C4 /* libopencv_saliency.4.5.0.dylib */; };
		372B247B25480477006405C4 /* libopencv_calib3d.4.5.0.dylib in Frameworks */ = {isa = PBXBuildFile; fileRef = 372B244525480476006405C4 /* libopencv_calib3d.4.5.0.dylib */; };
		372B247C25480477006405C4 /* libopencv_optflow.4.5.0.dylib in Frameworks */ = {isa = PBXBuildFile; fileRef = 372B244625480476006405C4 /* libopencv_optflow.4.5.0.dylib */; };
		372B247D25480477006405C4 /* libopencv_core.4.5.0.dylib in Frameworks */ = {isa = PBXBuildFile; fileRef = 372B244725480476006405C4 /* libopencv_core.4.5.0.dylib */; };
		372B247E25480477006405C4 /* libopencv_stitching.4.5.0.dylib in Frameworks */ = {isa = PBXBuildFile; fileRef = 372B244825480476006405C4 /* libopencv_stitching.4.5.0.dylib */; };
		372B247F25480477006405C4 /* libopencv_dnn_objdetect.4.5.0.dylib in Frameworks */ = {isa = PBXBuildFile; fileRef = 372B244925480476006405C4 /* libopencv_dnn_objdetect.4.5.0.dylib */; };
		372B248025480477006405C4 /* libopencv_ximgproc.4.5.0.dylib in Frameworks */ = {isa = PBXBuildFile; fileRef = 372B244A25480476006405C4 /* libopencv_ximgproc.4.5.0.dylib */; };
		372B248125480477006405C4 /* libopencv_xphoto.4.5.0.dylib in Frameworks */ = {isa = PBXBuildFile; fileRef = 372B244B25480476006405C4 /* libopencv_xphoto.4.5.0.dylib */; };
		372B248225480477006405C4 /* libopencv_quality.4.5.0.dylib in Frameworks */ = {isa = PBXBuildFile; fileRef = 372B244C25480476006405C4 /* libopencv_quality.4.5.0.dylib */; };
		372B248325480477006405C4 /* libopencv_aruco.4.5.0.dylib in Frameworks */ = {isa = PBXBuildFile; fileRef = 372B244D25480476006405C4 /* libopencv_aruco.4.5.0.dylib */; };
		372B248425480477006405C4 /* libopencv_imgproc.4.5.0.dylib in Frameworks */ = {isa = PBXBuildFile; fileRef = 372B244E25480476006405C4 /* libopencv_imgproc.4.5.0.dylib */; };
		372B248525480477006405C4 /* libopencv_rgbd.4.5.0.dylib in Frameworks */ = {isa = PBXBuildFile; fileRef = 372B244F25480477006405C4 /* libopencv_rgbd.4.5.0.dylib */; };
		372B248625480477006405C4 /* libopencv_xobjdetect.4.5.0.dylib in Frameworks */ = {isa = PBXBuildFile; fileRef = 372B245025480477006405C4 /* libopencv_xobjdetect.4.5.0.dylib */; };
		372B248725480477006405C4 /* libopencv_structured_light.4.5.0.dylib in Frameworks */ = {isa = PBXBuildFile; fileRef = 372B245125480477006405C4 /* libopencv_structured_light.4.5.0.dylib */; };
		372B248825480477006405C4 /* libopencv_phase_unwrapping.4.5.0.dylib in Frameworks */ = {isa = PBXBuildFile; fileRef = 372B245225480477006405C4 /* libopencv_phase_unwrapping.4.5.0.dylib */; };
		372B248925480477006405C4 /* libopencv_datasets.4.5.0.dylib in Frameworks */ = {isa = PBXBuildFile; fileRef = 372B245325480477006405C4 /* libopencv_datasets.4.5.0.dylib */; };
		372B248A25480477006405C4 /* libopencv_features2d.4.5.0.dylib in Frameworks */ = {isa = PBXBuildFile; fileRef = 372B245425480477006405C4 /* libopencv_features2d.4.5.0.dylib */; };
		372B248B25480477006405C4 /* libopencv_sfm.4.5.0.dylib in Frameworks */ = {isa = PBXBuildFile; fileRef = 372B245525480477006405C4 /* libopencv_sfm.4.5.0.dylib */; };
		372B248C25480477006405C4 /* libopencv_line_descriptor.4.5.0.dylib in Frameworks */ = {isa = PBXBuildFile; fileRef = 372B245625480477006405C4 /* libopencv_line_descriptor.4.5.0.dylib */; };
		372B248D25480477006405C4 /* libopencv_bioinspired.4.5.0.dylib in Frameworks */ = {isa = PBXBuildFile; fileRef = 372B245725480477006405C4 /* libopencv_bioinspired.4.5.0.dylib */; };
		372B248E25480477006405C4 /* libopencv_hfs.4.5.0.dylib in Frameworks */ = {isa = PBXBuildFile; fileRef = 372B245825480477006405C4 /* libopencv_hfs.4.5.0.dylib */; };
		372B248F25480477006405C4 /* libopencv_rapid.4.5.0.dylib in Frameworks */ = {isa = PBXBuildFile; fileRef = 372B245925480477006405C4 /* libopencv_rapid.4.5.0.dylib */; };
		372B249025480477006405C4 /* libopencv_dnn.4.5.0.dylib in Frameworks */ = {isa = PBXBuildFile; fileRef = 372B245A25480477006405C4 /* libopencv_dnn.4.5.0.dylib */; };
		372B249125480477006405C4 /* libopencv_img_hash.4.5.0.dylib in Frameworks */ = {isa = PBXBuildFile; fileRef = 372B245B25480477006405C4 /* libopencv_img_hash.4.5.0.dylib */; };
		372B249225480477006405C4 /* libopencv_dnn_superres.4.5.0.dylib in Frameworks */ = {isa = PBXBuildFile; fileRef = 372B245C25480477006405C4 /* libopencv_dnn_superres.4.5.0.dylib */; };
		372B249325480477006405C4 /* libopencv_objdetect.4.5.0.dylib in Frameworks */ = {isa = PBXBuildFile; fileRef = 372B245D25480477006405C4 /* libopencv_objdetect.4.5.0.dylib */; };
		372B249425480477006405C4 /* libopencv_text.4.5.0.dylib in Frameworks */ = {isa = PBXBuildFile; fileRef = 372B245E25480477006405C4 /* libopencv_text.4.5.0.dylib */; };
		372B249525480477006405C4 /* libopencv_tracking.4.5.0.dylib in Frameworks */ = {isa = PBXBuildFile; fileRef = 372B245F25480477006405C4 /* libopencv_tracking.4.5.0.dylib */; };
		372B249625480477006405C4 /* libopencv_videoio.4.5.0.dylib in Frameworks */ = {isa = PBXBuildFile; fileRef = 372B246025480477006405C4 /* libopencv_videoio.4.5.0.dylib */; };
		372B249725480477006405C4 /* libopencv_dpm.4.5.0.dylib in Frameworks */ = {isa = PBXBuildFile; fileRef = 372B246125480477006405C4 /* libopencv_dpm.4.5.0.dylib */; };
		372B249825480477006405C4 /* libopencv_superres.4.5.0.dylib in Frameworks */ = {isa = PBXBuildFile; fileRef = 372B246225480477006405C4 /* libopencv_superres.4.5.0.dylib */; };
		372B249925480477006405C4 /* libopencv_stereo.4.5.0.dylib in Frameworks */ = {isa = PBXBuildFile; fileRef = 372B246325480477006405C4 /* libopencv_stereo.4.5.0.dylib */; };
		372B249A25480477006405C4 /* libopencv_gapi.4.5.0.dylib in Frameworks */ = {isa = PBXBuildFile; fileRef = 372B246425480477006405C4 /* libopencv_gapi.4.5.0.dylib */; };
		372B249B25480477006405C4 /* libopencv_photo.4.5.0.dylib in Frameworks */ = {isa = PBXBuildFile; fileRef = 372B246525480477006405C4 /* libopencv_photo.4.5.0.dylib */; };
		372B249C25480477006405C4 /* libopencv_plot.4.5.0.dylib in Frameworks */ = {isa = PBXBuildFile; fileRef = 372B246625480477006405C4 /* libopencv_plot.4.5.0.dylib */; };
		372B249D25480477006405C4 /* libopencv_ccalib.4.5.0.dylib in Frameworks */ = {isa = PBXBuildFile; fileRef = 372B246725480477006405C4 /* libopencv_ccalib.4.5.0.dylib */; };
/* End PBXBuildFile section */

/* Begin PBXCopyFilesBuildPhase section */
		372B242425480402006405C4 /* CopyFiles */ = {
			isa = PBXCopyFilesBuildPhase;
			buildActionMask = 2147483647;
			dstPath = /usr/share/man/man1/;
			dstSubfolderSpec = 0;
			files = (
			);
			runOnlyForDeploymentPostprocessing = 1;
		};
/* End PBXCopyFilesBuildPhase section */

/* Begin PBXFileReference section */
		37080FBF25BEAAC00045C609 /* tinyfiledialogs.h */ = {isa = PBXFileReference; fileEncoding = 4; lastKnownFileType = sourcecode.c.h; path = tinyfiledialogs.h; sourceTree = "<group>"; };
		37080FC025BEAAC00045C609 /* tinyfiledialogs.c */ = {isa = PBXFileReference; fileEncoding = 4; lastKnownFileType = sourcecode.c.c; path = tinyfiledialogs.c; sourceTree = "<group>"; };
		372B242625480402006405C4 /* LabProject */ = {isa = PBXFileReference; explicitFileType = "compiled.mach-o.executable"; includeInIndex = 0; path = LabProject; sourceTree = BUILT_PRODUCTS_DIR; };
		372B242925480402006405C4 /* main.cpp */ = {isa = PBXFileReference; lastKnownFileType = sourcecode.cpp.cpp; path = main.cpp; sourceTree = "<group>"; };
		372B243225480476006405C4 /* libopencv_xfeatures2d.4.5.0.dylib */ = {isa = PBXFileReference; lastKnownFileType = "compiled.mach-o.dylib"; name = libopencv_xfeatures2d.4.5.0.dylib; path = ../../../../../../usr/local/Cellar/opencv/4.5.0_2/lib/libopencv_xfeatures2d.4.5.0.dylib; sourceTree = "<group>"; };
		372B243325480476006405C4 /* libopencv_surface_matching.4.5.0.dylib */ = {isa = PBXFileReference; lastKnownFileType = "compiled.mach-o.dylib"; name = libopencv_surface_matching.4.5.0.dylib; path = ../../../../../../usr/local/Cellar/opencv/4.5.0_2/lib/libopencv_surface_matching.4.5.0.dylib; sourceTree = "<group>"; };
		372B243425480476006405C4 /* libopencv_fuzzy.4.5.0.dylib */ = {isa = PBXFileReference; lastKnownFileType = "compiled.mach-o.dylib"; name = libopencv_fuzzy.4.5.0.dylib; path = ../../../../../../usr/local/Cellar/opencv/4.5.0_2/lib/libopencv_fuzzy.4.5.0.dylib; sourceTree = "<group>"; };
		372B243525480476006405C4 /* libopencv_video.4.5.0.dylib */ = {isa = PBXFileReference; lastKnownFileType = "compiled.mach-o.dylib"; name = libopencv_video.4.5.0.dylib; path = ../../../../../../usr/local/Cellar/opencv/4.5.0_2/lib/libopencv_video.4.5.0.dylib; sourceTree = "<group>"; };
		372B243625480476006405C4 /* libopencv_videostab.4.5.0.dylib */ = {isa = PBXFileReference; lastKnownFileType = "compiled.mach-o.dylib"; name = libopencv_videostab.4.5.0.dylib; path = ../../../../../../usr/local/Cellar/opencv/4.5.0_2/lib/libopencv_videostab.4.5.0.dylib; sourceTree = "<group>"; };
		372B243725480476006405C4 /* libopencv_ml.4.5.0.dylib */ = {isa = PBXFileReference; lastKnownFileType = "compiled.mach-o.dylib"; name = libopencv_ml.4.5.0.dylib; path = ../../../../../../usr/local/Cellar/opencv/4.5.0_2/lib/libopencv_ml.4.5.0.dylib; sourceTree = "<group>"; };
		372B243825480476006405C4 /* libopencv_freetype.4.5.0.dylib */ = {isa = PBXFileReference; lastKnownFileType = "compiled.mach-o.dylib"; name = libopencv_freetype.4.5.0.dylib; path = ../../../../../../usr/local/Cellar/opencv/4.5.0_2/lib/libopencv_freetype.4.5.0.dylib; sourceTree = "<group>"; };
		372B243925480476006405C4 /* libopencv_intensity_transform.4.5.0.dylib */ = {isa = PBXFileReference; lastKnownFileType = "compiled.mach-o.dylib"; name = libopencv_intensity_transform.4.5.0.dylib; path = ../../../../../../usr/local/Cellar/opencv/4.5.0_2/lib/libopencv_intensity_transform.4.5.0.dylib; sourceTree = "<group>"; };
		372B243A25480476006405C4 /* libopencv_face.4.5.0.dylib */ = {isa = PBXFileReference; lastKnownFileType = "compiled.mach-o.dylib"; name = libopencv_face.4.5.0.dylib; path = ../../../../../../usr/local/Cellar/opencv/4.5.0_2/lib/libopencv_face.4.5.0.dylib; sourceTree = "<group>"; };
		372B243B25480476006405C4 /* libopencv_bgsegm.4.5.0.dylib */ = {isa = PBXFileReference; lastKnownFileType = "compiled.mach-o.dylib"; name = libopencv_bgsegm.4.5.0.dylib; path = ../../../../../../usr/local/Cellar/opencv/4.5.0_2/lib/libopencv_bgsegm.4.5.0.dylib; sourceTree = "<group>"; };
		372B243C25480476006405C4 /* libopencv_flann.4.5.0.dylib */ = {isa = PBXFileReference; lastKnownFileType = "compiled.mach-o.dylib"; name = libopencv_flann.4.5.0.dylib; path = ../../../../../../usr/local/Cellar/opencv/4.5.0_2/lib/libopencv_flann.4.5.0.dylib; sourceTree = "<group>"; };
		372B243D25480476006405C4 /* libopencv_shape.4.5.0.dylib */ = {isa = PBXFileReference; lastKnownFileType = "compiled.mach-o.dylib"; name = libopencv_shape.4.5.0.dylib; path = ../../../../../../usr/local/Cellar/opencv/4.5.0_2/lib/libopencv_shape.4.5.0.dylib; sourceTree = "<group>"; };
		372B243E25480476006405C4 /* libopencv_mcc.4.5.0.dylib */ = {isa = PBXFileReference; lastKnownFileType = "compiled.mach-o.dylib"; name = libopencv_mcc.4.5.0.dylib; path = ../../../../../../usr/local/Cellar/opencv/4.5.0_2/lib/libopencv_mcc.4.5.0.dylib; sourceTree = "<group>"; };
		372B243F25480476006405C4 /* libopencv_alphamat.4.5.0.dylib */ = {isa = PBXFileReference; lastKnownFileType = "compiled.mach-o.dylib"; name = libopencv_alphamat.4.5.0.dylib; path = ../../../../../../usr/local/Cellar/opencv/4.5.0_2/lib/libopencv_alphamat.4.5.0.dylib; sourceTree = "<group>"; };
		372B244025480476006405C4 /* libopencv_reg.4.5.0.dylib */ = {isa = PBXFileReference; lastKnownFileType = "compiled.mach-o.dylib"; name = libopencv_reg.4.5.0.dylib; path = ../../../../../../usr/local/Cellar/opencv/4.5.0_2/lib/libopencv_reg.4.5.0.dylib; sourceTree = "<group>"; };
		372B244125480476006405C4 /* libopencv_highgui.4.5.0.dylib */ = {isa = PBXFileReference; lastKnownFileType = "compiled.mach-o.dylib"; name = libopencv_highgui.4.5.0.dylib; path = ../../../../../../usr/local/Cellar/opencv/4.5.0_2/lib/libopencv_highgui.4.5.0.dylib; sourceTree = "<group>"; };
		372B244225480476006405C4 /* libopencv_viz.4.5.0.dylib */ = {isa = PBXFileReference; lastKnownFileType = "compiled.mach-o.dylib"; name = libopencv_viz.4.5.0.dylib; path = ../../../../../../usr/local/Cellar/opencv/4.5.0_2/lib/libopencv_viz.4.5.0.dylib; sourceTree = "<group>"; };
		372B244325480476006405C4 /* libopencv_imgcodecs.4.5.0.dylib */ = {isa = PBXFileReference; lastKnownFileType = "compiled.mach-o.dylib"; name = libopencv_imgcodecs.4.5.0.dylib; path = ../../../../../../usr/local/Cellar/opencv/4.5.0_2/lib/libopencv_imgcodecs.4.5.0.dylib; sourceTree = "<group>"; };
		372B244425480476006405C4 /* libopencv_saliency.4.5.0.dylib */ = {isa = PBXFileReference; lastKnownFileType = "compiled.mach-o.dylib"; name = libopencv_saliency.4.5.0.dylib; path = ../../../../../../usr/local/Cellar/opencv/4.5.0_2/lib/libopencv_saliency.4.5.0.dylib; sourceTree = "<group>"; };
		372B244525480476006405C4 /* libopencv_calib3d.4.5.0.dylib */ = {isa = PBXFileReference; lastKnownFileType = "compiled.mach-o.dylib"; name = libopencv_calib3d.4.5.0.dylib; path = ../../../../../../usr/local/Cellar/opencv/4.5.0_2/lib/libopencv_calib3d.4.5.0.dylib; sourceTree = "<group>"; };
		372B244625480476006405C4 /* libopencv_optflow.4.5.0.dylib */ = {isa = PBXFileReference; lastKnownFileType = "compiled.mach-o.dylib"; name = libopencv_optflow.4.5.0.dylib; path = ../../../../../../usr/local/Cellar/opencv/4.5.0_2/lib/libopencv_optflow.4.5.0.dylib; sourceTree = "<group>"; };
		372B244725480476006405C4 /* libopencv_core.4.5.0.dylib */ = {isa = PBXFileReference; lastKnownFileType = "compiled.mach-o.dylib"; name = libopencv_core.4.5.0.dylib; path = ../../../../../../usr/local/Cellar/opencv/4.5.0_2/lib/libopencv_core.4.5.0.dylib; sourceTree = "<group>"; };
		372B244825480476006405C4 /* libopencv_stitching.4.5.0.dylib */ = {isa = PBXFileReference; lastKnownFileType = "compiled.mach-o.dylib"; name = libopencv_stitching.4.5.0.dylib; path = ../../../../../../usr/local/Cellar/opencv/4.5.0_2/lib/libopencv_stitching.4.5.0.dylib; sourceTree = "<group>"; };
		372B244925480476006405C4 /* libopencv_dnn_objdetect.4.5.0.dylib */ = {isa = PBXFileReference; lastKnownFileType = "compiled.mach-o.dylib"; name = libopencv_dnn_objdetect.4.5.0.dylib; path = ../../../../../../usr/local/Cellar/opencv/4.5.0_2/lib/libopencv_dnn_objdetect.4.5.0.dylib; sourceTree = "<group>"; };
		372B244A25480476006405C4 /* libopencv_ximgproc.4.5.0.dylib */ = {isa = PBXFileReference; lastKnownFileType = "compiled.mach-o.dylib"; name = libopencv_ximgproc.4.5.0.dylib; path = ../../../../../../usr/local/Cellar/opencv/4.5.0_2/lib/libopencv_ximgproc.4.5.0.dylib; sourceTree = "<group>"; };
		372B244B25480476006405C4 /* libopencv_xphoto.4.5.0.dylib */ = {isa = PBXFileReference; lastKnownFileType = "compiled.mach-o.dylib"; name = libopencv_xphoto.4.5.0.dylib; path = ../../../../../../usr/local/Cellar/opencv/4.5.0_2/lib/libopencv_xphoto.4.5.0.dylib; sourceTree = "<group>"; };
		372B244C25480476006405C4 /* libopencv_quality.4.5.0.dylib */ = {isa = PBXFileReference; lastKnownFileType = "compiled.mach-o.dylib"; name = libopencv_quality.4.5.0.dylib; path = ../../../../../../usr/local/Cellar/opencv/4.5.0_2/lib/libopencv_quality.4.5.0.dylib; sourceTree = "<group>"; };
		372B244D25480476006405C4 /* libopencv_aruco.4.5.0.dylib */ = {isa = PBXFileReference; lastKnownFileType = "compiled.mach-o.dylib"; name = libopencv_aruco.4.5.0.dylib; path = ../../../../../../usr/local/Cellar/opencv/4.5.0_2/lib/libopencv_aruco.4.5.0.dylib; sourceTree = "<group>"; };
		372B244E25480476006405C4 /* libopencv_imgproc.4.5.0.dylib */ = {isa = PBXFileReference; lastKnownFileType = "compiled.mach-o.dylib"; name = libopencv_imgproc.4.5.0.dylib; path = ../../../../../../usr/local/Cellar/opencv/4.5.0_2/lib/libopencv_imgproc.4.5.0.dylib; sourceTree = "<group>"; };
		372B244F25480477006405C4 /* libopencv_rgbd.4.5.0.dylib */ = {isa = PBXFileReference; lastKnownFileType = "compiled.mach-o.dylib"; name = libopencv_rgbd.4.5.0.dylib; path = ../../../../../../usr/local/Cellar/opencv/4.5.0_2/lib/libopencv_rgbd.4.5.0.dylib; sourceTree = "<group>"; };
		372B245025480477006405C4 /* libopencv_xobjdetect.4.5.0.dylib */ = {isa = PBXFileReference; lastKnownFileType = "compiled.mach-o.dylib"; name = libopencv_xobjdetect.4.5.0.dylib; path = ../../../../../../usr/local/Cellar/opencv/4.5.0_2/lib/libopencv_xobjdetect.4.5.0.dylib; sourceTree = "<group>"; };
		372B245125480477006405C4 /* libopencv_structured_light.4.5.0.dylib */ = {isa = PBXFileReference; lastKnownFileType = "compiled.mach-o.dylib"; name = libopencv_structured_light.4.5.0.dylib; path = ../../../../../../usr/local/Cellar/opencv/4.5.0_2/lib/libopencv_structured_light.4.5.0.dylib; sourceTree = "<group>"; };
		372B245225480477006405C4 /* libopencv_phase_unwrapping.4.5.0.dylib */ = {isa = PBXFileReference; lastKnownFileType = "compiled.mach-o.dylib"; name = libopencv_phase_unwrapping.4.5.0.dylib; path = ../../../../../../usr/local/Cellar/opencv/4.5.0_2/lib/libopencv_phase_unwrapping.4.5.0.dylib; sourceTree = "<group>"; };
		372B245325480477006405C4 /* libopencv_datasets.4.5.0.dylib */ = {isa = PBXFileReference; lastKnownFileType = "compiled.mach-o.dylib"; name = libopencv_datasets.4.5.0.dylib; path = ../../../../../../usr/local/Cellar/opencv/4.5.0_2/lib/libopencv_datasets.4.5.0.dylib; sourceTree = "<group>"; };
		372B245425480477006405C4 /* libopencv_features2d.4.5.0.dylib */ = {isa = PBXFileReference; lastKnownFileType = "compiled.mach-o.dylib"; name = libopencv_features2d.4.5.0.dylib; path = ../../../../../../usr/local/Cellar/opencv/4.5.0_2/lib/libopencv_features2d.4.5.0.dylib; sourceTree = "<group>"; };
		372B245525480477006405C4 /* libopencv_sfm.4.5.0.dylib */ = {isa = PBXFileReference; lastKnownFileType = "compiled.mach-o.dylib"; name = libopencv_sfm.4.5.0.dylib; path = ../../../../../../usr/local/Cellar/opencv/4.5.0_2/lib/libopencv_sfm.4.5.0.dylib; sourceTree = "<group>"; };
		372B245625480477006405C4 /* libopencv_line_descriptor.4.5.0.dylib */ = {isa = PBXFileReference; lastKnownFileType = "compiled.mach-o.dylib"; name = libopencv_line_descriptor.4.5.0.dylib; path = ../../../../../../usr/local/Cellar/opencv/4.5.0_2/lib/libopencv_line_descriptor.4.5.0.dylib; sourceTree = "<group>"; };
		372B245725480477006405C4 /* libopencv_bioinspired.4.5.0.dylib */ = {isa = PBXFileReference; lastKnownFileType = "compiled.mach-o.dylib"; name = libopencv_bioinspired.4.5.0.dylib; path = ../../../../../../usr/local/Cellar/opencv/4.5.0_2/lib/libopencv_bioinspired.4.5.0.dylib; sourceTree = "<group>"; };
		372B245825480477006405C4 /* libopencv_hfs.4.5.0.dylib */ = {isa = PBXFileReference; lastKnownFileType = "compiled.mach-o.dylib"; name = libopencv_hfs.4.5.0.dylib; path = ../../../../../../usr/local/Cellar/opencv/4.5.0_2/lib/libopencv_hfs.4.5.0.dylib; sourceTree = "<group>"; };
		372B245925480477006405C4 /* libopencv_rapid.4.5.0.dylib */ = {isa = PBXFileReference; lastKnownFileType = "compiled.mach-o.dylib"; name = libopencv_rapid.4.5.0.dylib; path = ../../../../../../usr/local/Cellar/opencv/4.5.0_2/lib/libopencv_rapid.4.5.0.dylib; sourceTree = "<group>"; };
		372B245A25480477006405C4 /* libopencv_dnn.4.5.0.dylib */ = {isa = PBXFileReference; lastKnownFileType = "compiled.mach-o.dylib"; name = libopencv_dnn.4.5.0.dylib; path = ../../../../../../usr/local/Cellar/opencv/4.5.0_2/lib/libopencv_dnn.4.5.0.dylib; sourceTree = "<group>"; };
		372B245B25480477006405C4 /* libopencv_img_hash.4.5.0.dylib */ = {isa = PBXFileReference; lastKnownFileType = "compiled.mach-o.dylib"; name = libopencv_img_hash.4.5.0.dylib; path = ../../../../../../usr/local/Cellar/opencv/4.5.0_2/lib/libopencv_img_hash.4.5.0.dylib; sourceTree = "<group>"; };
		372B245C25480477006405C4 /* libopencv_dnn_superres.4.5.0.dylib */ = {isa = PBXFileReference; lastKnownFileType = "compiled.mach-o.dylib"; name = libopencv_dnn_superres.4.5.0.dylib; path = ../../../../../../usr/local/Cellar/opencv/4.5.0_2/lib/libopencv_dnn_superres.4.5.0.dylib; sourceTree = "<group>"; };
		372B245D25480477006405C4 /* libopencv_objdetect.4.5.0.dylib */ = {isa = PBXFileReference; lastKnownFileType = "compiled.mach-o.dylib"; name = libopencv_objdetect.4.5.0.dylib; path = ../../../../../../usr/local/Cellar/opencv/4.5.0_2/lib/libopencv_objdetect.4.5.0.dylib; sourceTree = "<group>"; };
		372B245E25480477006405C4 /* libopencv_text.4.5.0.dylib */ = {isa = PBXFileReference; lastKnownFileType = "compiled.mach-o.dylib"; name = libopencv_text.4.5.0.dylib; path = ../../../../../../usr/local/Cellar/opencv/4.5.0_2/lib/libopencv_text.4.5.0.dylib; sourceTree = "<group>"; };
		372B245F25480477006405C4 /* libopencv_tracking.4.5.0.dylib */ = {isa = PBXFileReference; lastKnownFileType = "compiled.mach-o.dylib"; name = libopencv_tracking.4.5.0.dylib; path = ../../../../../../usr/local/Cellar/opencv/4.5.0_2/lib/libopencv_tracking.4.5.0.dylib; sourceTree = "<group>"; };
		372B246025480477006405C4 /* libopencv_videoio.4.5.0.dylib */ = {isa = PBXFileReference; lastKnownFileType = "compiled.mach-o.dylib"; name = libopencv_videoio.4.5.0.dylib; path = ../../../../../../usr/local/Cellar/opencv/4.5.0_2/lib/libopencv_videoio.4.5.0.dylib; sourceTree = "<group>"; };
		372B246125480477006405C4 /* libopencv_dpm.4.5.0.dylib */ = {isa = PBXFileReference; lastKnownFileType = "compiled.mach-o.dylib"; name = libopencv_dpm.4.5.0.dylib; path = ../../../../../../usr/local/Cellar/opencv/4.5.0_2/lib/libopencv_dpm.4.5.0.dylib; sourceTree = "<group>"; };
		372B246225480477006405C4 /* libopencv_superres.4.5.0.dylib */ = {isa = PBXFileReference; lastKnownFileType = "compiled.mach-o.dylib"; name = libopencv_superres.4.5.0.dylib; path = ../../../../../../usr/local/Cellar/opencv/4.5.0_2/lib/libopencv_superres.4.5.0.dylib; sourceTree = "<group>"; };
		372B246325480477006405C4 /* libopencv_stereo.4.5.0.dylib */ = {isa = PBXFileReference; lastKnownFileType = "compiled.mach-o.dylib"; name = libopencv_stereo.4.5.0.dylib; path = ../../../../../../usr/local/Cellar/opencv/4.5.0_2/lib/libopencv_stereo.4.5.0.dylib; sourceTree = "<group>"; };
		372B246425480477006405C4 /* libopencv_gapi.4.5.0.dylib */ = {isa = PBXFileReference; lastKnownFileType = "compiled.mach-o.dylib"; name = libopencv_gapi.4.5.0.dylib; path = ../../../../../../usr/local/Cellar/opencv/4.5.0_2/lib/libopencv_gapi.4.5.0.dylib; sourceTree = "<group>"; };
		372B246525480477006405C4 /* libopencv_photo.4.5.0.dylib */ = {isa = PBXFileReference; lastKnownFileType = "compiled.mach-o.dylib"; name = libopencv_photo.4.5.0.dylib; path = ../../../../../../usr/local/Cellar/opencv/4.5.0_2/lib/libopencv_photo.4.5.0.dylib; sourceTree = "<group>"; };
		372B246625480477006405C4 /* libopencv_plot.4.5.0.dylib */ = {isa = PBXFileReference; lastKnownFileType = "compiled.mach-o.dylib"; name = libopencv_plot.4.5.0.dylib; path = ../../../../../../usr/local/Cellar/opencv/4.5.0_2/lib/libopencv_plot.4.5.0.dylib; sourceTree = "<group>"; };
		372B246725480477006405C4 /* libopencv_ccalib.4.5.0.dylib */ = {isa = PBXFileReference; lastKnownFileType = "compiled.mach-o.dylib"; name = libopencv_ccalib.4.5.0.dylib; path = ../../../../../../usr/local/Cellar/opencv/4.5.0_2/lib/libopencv_ccalib.4.5.0.dylib; sourceTree = "<group>"; };
		372B249E25480499006405C4 /* LabProject.entitlements */ = {isa = PBXFileReference; lastKnownFileType = text.plist.entitlements; path = LabProject.entitlements; sourceTree = "<group>"; };
/* End PBXFileReference section */

/* Begin PBXFrameworksBuildPhase section */
		372B242325480402006405C4 /* Frameworks */ = {
			isa = PBXFrameworksBuildPhase;
			buildActionMask = 2147483647;
			files = (
				372B246825480477006405C4 /* libopencv_xfeatures2d.4.5.0.dylib in Frameworks */,
				372B246925480477006405C4 /* libopencv_surface_matching.4.5.0.dylib in Frameworks */,
				372B246A25480477006405C4 /* libopencv_fuzzy.4.5.0.dylib in Frameworks */,
				372B246B25480477006405C4 /* libopencv_video.4.5.0.dylib in Frameworks */,
				372B246C25480477006405C4 /* libopencv_videostab.4.5.0.dylib in Frameworks */,
				372B246D25480477006405C4 /* libopencv_ml.4.5.0.dylib in Frameworks */,
				372B246E25480477006405C4 /* libopencv_freetype.4.5.0.dylib in Frameworks */,
				372B246F25480477006405C4 /* libopencv_intensity_transform.4.5.0.dylib in Frameworks */,
				372B247025480477006405C4 /* libopencv_face.4.5.0.dylib in Frameworks */,
				372B247125480477006405C4 /* libopencv_bgsegm.4.5.0.dylib in Frameworks */,
				372B247225480477006405C4 /* libopencv_flann.4.5.0.dylib in Frameworks */,
				372B247325480477006405C4 /* libopencv_shape.4.5.0.dylib in Frameworks */,
				372B247425480477006405C4 /* libopencv_mcc.4.5.0.dylib in Frameworks */,
				372B247525480477006405C4 /* libopencv_alphamat.4.5.0.dylib in Frameworks */,
				372B247625480477006405C4 /* libopencv_reg.4.5.0.dylib in Frameworks */,
				372B247725480477006405C4 /* libopencv_highgui.4.5.0.dylib in Frameworks */,
				372B247825480477006405C4 /* libopencv_viz.4.5.0.dylib in Frameworks */,
				372B247925480477006405C4 /* libopencv_imgcodecs.4.5.0.dylib in Frameworks */,
				372B247A25480477006405C4 /* libopencv_saliency.4.5.0.dylib in Frameworks */,
				372B247B25480477006405C4 /* libopencv_calib3d.4.5.0.dylib in Frameworks */,
				372B247C25480477006405C4 /* libopencv_optflow.4.5.0.dylib in Frameworks */,
				372B247D25480477006405C4 /* libopencv_core.4.5.0.dylib in Frameworks */,
				372B247E25480477006405C4 /* libopencv_stitching.4.5.0.dylib in Frameworks */,
				372B247F25480477006405C4 /* libopencv_dnn_objdetect.4.5.0.dylib in Frameworks */,
				372B248025480477006405C4 /* libopencv_ximgproc.4.5.0.dylib in Frameworks */,
				372B248125480477006405C4 /* libopencv_xphoto.4.5.0.dylib in Frameworks */,
				372B248225480477006405C4 /* libopencv_quality.4.5.0.dylib in Frameworks */,
				372B248325480477006405C4 /* libopencv_aruco.4.5.0.dylib in Frameworks */,
				372B248425480477006405C4 /* libopencv_imgproc.4.5.0.dylib in Frameworks */,
				372B248525480477006405C4 /* libopencv_rgbd.4.5.0.dylib in Frameworks */,
				372B248625480477006405C4 /* libopencv_xobjdetect.4.5.0.dylib in Frameworks */,
				372B248725480477006405C4 /* libopencv_structured_light.4.5.0.dylib in Frameworks */,
				372B248825480477006405C4 /* libopencv_phase_unwrapping.4.5.0.dylib in Frameworks */,
				372B248925480477006405C4 /* libopencv_datasets.4.5.0.dylib in Frameworks */,
				372B248A25480477006405C4 /* libopencv_features2d.4.5.0.dylib in Frameworks */,
				372B248B25480477006405C4 /* libopencv_sfm.4.5.0.dylib in Frameworks */,
				372B248C25480477006405C4 /* libopencv_line_descriptor.4.5.0.dylib in Frameworks */,
				372B248D25480477006405C4 /* libopencv_bioinspired.4.5.0.dylib in Frameworks */,
				372B248E25480477006405C4 /* libopencv_hfs.4.5.0.dylib in Frameworks */,
				372B248F25480477006405C4 /* libopencv_rapid.4.5.0.dylib in Frameworks */,
				372B249025480477006405C4 /* libopencv_dnn.4.5.0.dylib in Frameworks */,
				372B249125480477006405C4 /* libopencv_img_hash.4.5.0.dylib in Frameworks */,
				372B249225480477006405C4 /* libopencv_dnn_superres.4.5.0.dylib in Frameworks */,
				372B249325480477006405C4 /* libopencv_objdetect.4.5.0.dylib in Frameworks */,
				372B249425480477006405C4 /* libopencv_text.4.5.0.dylib in Frameworks */,
				372B249525480477006405C4 /* libopencv_tracking.4.5.0.dylib in Frameworks */,
				372B249625480477006405C4 /* libopencv_videoio.4.5.0.dylib in Frameworks */,
				372B249725480477006405C4 /* libopencv_dpm.4.5.0.dylib in Frameworks */,
				372B249825480477006405C4 /* libopencv_superres.4.5.0.dylib in Frameworks */,
				372B249925480477006405C4 /* libopencv_stereo.4.5.0.dylib in Frameworks */,
				372B249A25480477006405C4 /* libopencv_gapi.4.5.0.dylib in Frameworks */,
				372B249B25480477006405C4 /* libopencv_photo.4.5.0.dylib in Frameworks */,
				372B249C25480477006405C4 /* libopencv_plot.4.5.0.dylib in Frameworks */,
				372B249D25480477006405C4 /* libopencv_ccalib.4.5.0.dylib in Frameworks */,
			);
			runOnlyForDeploymentPostprocessing = 0;
		};
/* End PBXFrameworksBuildPhase section */

/* Begin PBXGroup section */
		372B241D25480402006405C4 = {
			isa = PBXGroup;
			children = (
				372B242825480402006405C4 /* LabProject */,
				372B242725480402006405C4 /* Products */,
				372B243125480476006405C4 /* Frameworks */,
			);
			sourceTree = "<group>";
		};
		372B242725480402006405C4 /* Products */ = {
			isa = PBXGroup;
			children = (
				372B242625480402006405C4 /* LabProject */,
			);
			name = Products;
			sourceTree = "<group>";
		};
		372B242825480402006405C4 /* LabProject */ = {
			isa = PBXGroup;
			children = (
				372B249E25480499006405C4 /* LabProject.entitlements */,
				37080FC025BEAAC00045C609 /* tinyfiledialogs.c */,
				37080FBF25BEAAC00045C609 /* tinyfiledialogs.h */,
				372B242925480402006405C4 /* main.cpp */,
			);
			path = LabProject;
			sourceTree = "<group>";
		};
		372B243125480476006405C4 /* Frameworks */ = {
			isa = PBXGroup;
			children = (
				372B243F25480476006405C4 /* libopencv_alphamat.4.5.0.dylib */,
				372B244D25480476006405C4 /* libopencv_aruco.4.5.0.dylib */,
				372B243B25480476006405C4 /* libopencv_bgsegm.4.5.0.dylib */,
				372B245725480477006405C4 /* libopencv_bioinspired.4.5.0.dylib */,
				372B244525480476006405C4 /* libopencv_calib3d.4.5.0.dylib */,
				372B246725480477006405C4 /* libopencv_ccalib.4.5.0.dylib */,
				372B244725480476006405C4 /* libopencv_core.4.5.0.dylib */,
				372B245325480477006405C4 /* libopencv_datasets.4.5.0.dylib */,
				372B244925480476006405C4 /* libopencv_dnn_objdetect.4.5.0.dylib */,
				372B245C25480477006405C4 /* libopencv_dnn_superres.4.5.0.dylib */,
				372B245A25480477006405C4 /* libopencv_dnn.4.5.0.dylib */,
				372B246125480477006405C4 /* libopencv_dpm.4.5.0.dylib */,
				372B243A25480476006405C4 /* libopencv_face.4.5.0.dylib */,
				372B245425480477006405C4 /* libopencv_features2d.4.5.0.dylib */,
				372B243C25480476006405C4 /* libopencv_flann.4.5.0.dylib */,
				372B243825480476006405C4 /* libopencv_freetype.4.5.0.dylib */,
				372B243425480476006405C4 /* libopencv_fuzzy.4.5.0.dylib */,
				372B246425480477006405C4 /* libopencv_gapi.4.5.0.dylib */,
				372B245825480477006405C4 /* libopencv_hfs.4.5.0.dylib */,
				372B244125480476006405C4 /* libopencv_highgui.4.5.0.dylib */,
				372B245B25480477006405C4 /* libopencv_img_hash.4.5.0.dylib */,
				372B244325480476006405C4 /* libopencv_imgcodecs.4.5.0.dylib */,
				372B244E25480476006405C4 /* libopencv_imgproc.4.5.0.dylib */,
				372B243925480476006405C4 /* libopencv_intensity_transform.4.5.0.dylib */,
				372B245625480477006405C4 /* libopencv_line_descriptor.4.5.0.dylib */,
				372B243E25480476006405C4 /* libopencv_mcc.4.5.0.dylib */,
				372B243725480476006405C4 /* libopencv_ml.4.5.0.dylib */,
				372B245D25480477006405C4 /* libopencv_objdetect.4.5.0.dylib */,
				372B244625480476006405C4 /* libopencv_optflow.4.5.0.dylib */,
				372B245225480477006405C4 /* libopencv_phase_unwrapping.4.5.0.dylib */,
				372B246525480477006405C4 /* libopencv_photo.4.5.0.dylib */,
				372B246625480477006405C4 /* libopencv_plot.4.5.0.dylib */,
				372B244C25480476006405C4 /* libopencv_quality.4.5.0.dylib */,
				372B245925480477006405C4 /* libopencv_rapid.4.5.0.dylib */,
				372B244025480476006405C4 /* libopencv_reg.4.5.0.dylib */,
				372B244F25480477006405C4 /* libopencv_rgbd.4.5.0.dylib */,
				372B244425480476006405C4 /* libopencv_saliency.4.5.0.dylib */,
				372B245525480477006405C4 /* libopencv_sfm.4.5.0.dylib */,
				372B243D25480476006405C4 /* libopencv_shape.4.5.0.dylib */,
				372B246325480477006405C4 /* libopencv_stereo.4.5.0.dylib */,
				372B244825480476006405C4 /* libopencv_stitching.4.5.0.dylib */,
				372B245125480477006405C4 /* libopencv_structured_light.4.5.0.dylib */,
				372B246225480477006405C4 /* libopencv_superres.4.5.0.dylib */,
				372B243325480476006405C4 /* libopencv_surface_matching.4.5.0.dylib */,
				372B245E25480477006405C4 /* libopencv_text.4.5.0.dylib */,
				372B245F25480477006405C4 /* libopencv_tracking.4.5.0.dylib */,
				372B243525480476006405C4 /* libopencv_video.4.5.0.dylib */,
				372B246025480477006405C4 /* libopencv_videoio.4.5.0.dylib */,
				372B243625480476006405C4 /* libopencv_videostab.4.5.0.dylib */,
				372B244225480476006405C4 /* libopencv_viz.4.5.0.dylib */,
				372B243225480476006405C4 /* libopencv_xfeatures2d.4.5.0.dylib */,
				372B244A25480476006405C4 /* libopencv_ximgproc.4.5.0.dylib */,
				372B245025480477006405C4 /* libopencv_xobjdetect.4.5.0.dylib */,
				372B244B25480476006405C4 /* libopencv_xphoto.4.5.0.dylib */,
			);
			name = Frameworks;
			sourceTree = "<group>";
		};
/* End PBXGroup section */

/* Begin PBXNativeTarget section */
		372B242525480402006405C4 /* LabProject */ = {
			isa = PBXNativeTarget;
			buildConfigurationList = 372B242D25480402006405C4 /* Build configuration list for PBXNativeTarget "LabProject" */;
			buildPhases = (
				372B242225480402006405C4 /* Sources */,
				372B242325480402006405C4 /* Frameworks */,
				372B242425480402006405C4 /* CopyFiles */,
			);
			buildRules = (
			);
			dependencies = (
			);
			name = LabProject;
			productName = LabProject;
			productReference = 372B242625480402006405C4 /* LabProject */;
			productType = "com.apple.product-type.tool";
		};
/* End PBXNativeTarget section */

/* Begin PBXProject section */
		372B241E25480402006405C4 /* Project object */ = {
			isa = PBXProject;
			attributes = {
				LastUpgradeCheck = 1210;
				TargetAttributes = {
					372B242525480402006405C4 = {
						CreatedOnToolsVersion = 12.1;
					};
				};
			};
			buildConfigurationList = 372B242125480402006405C4 /* Build configuration list for PBXProject "LabProject" */;
			compatibilityVersion = "Xcode 9.3";
			developmentRegion = en;
			hasScannedForEncodings = 0;
			knownRegions = (
				en,
				Base,
			);
			mainGroup = 372B241D25480402006405C4;
			productRefGroup = 372B242725480402006405C4 /* Products */;
			projectDirPath = "";
			projectRoot = "";
			targets = (
				372B242525480402006405C4 /* LabProject */,
			);
		};
/* End PBXProject section */

/* Begin PBXSourcesBuildPhase section */
		372B242225480402006405C4 /* Sources */ = {
			isa = PBXSourcesBuildPhase;
			buildActionMask = 2147483647;
			files = (
				372B242A25480402006405C4 /* main.cpp in Sources */,
				37080FC125BEAAC10045C609 /* tinyfiledialogs.c in Sources */,
			);
			runOnlyForDeploymentPostprocessing = 0;
		};
/* End PBXSourcesBuildPhase section */

/* Begin XCBuildConfiguration section */
		372B242B25480402006405C4 /* Debug */ = {
			isa = XCBuildConfiguration;
			buildSettings = {
				ALWAYS_SEARCH_USER_PATHS = NO;
				CLANG_ANALYZER_NONNULL = YES;
				CLANG_ANALYZER_NUMBER_OBJECT_CONVERSION = YES_AGGRESSIVE;
				CLANG_CXX_LANGUAGE_STANDARD = "gnu++14";
				CLANG_CXX_LIBRARY = "libc++";
				CLANG_ENABLE_MODULES = YES;
				CLANG_ENABLE_OBJC_ARC = YES;
				CLANG_ENABLE_OBJC_WEAK = YES;
				CLANG_WARN_BLOCK_CAPTURE_AUTORELEASING = YES;
				CLANG_WARN_BOOL_CONVERSION = YES;
				CLANG_WARN_COMMA = YES;
				CLANG_WARN_CONSTANT_CONVERSION = YES;
				CLANG_WARN_DEPRECATED_OBJC_IMPLEMENTATIONS = YES;
				CLANG_WARN_DIRECT_OBJC_ISA_USAGE = YES_ERROR;
				CLANG_WARN_DOCUMENTATION_COMMENTS = YES;
				CLANG_WARN_EMPTY_BODY = YES;
				CLANG_WARN_ENUM_CONVERSION = YES;
				CLANG_WARN_INFINITE_RECURSION = YES;
				CLANG_WARN_INT_CONVERSION = YES;
				CLANG_WARN_NON_LITERAL_NULL_CONVERSION = YES;
				CLANG_WARN_OBJC_IMPLICIT_RETAIN_SELF = YES;
				CLANG_WARN_OBJC_LITERAL_CONVERSION = YES;
				CLANG_WARN_OBJC_ROOT_CLASS = YES_ERROR;
				CLANG_WARN_QUOTED_INCLUDE_IN_FRAMEWORK_HEADER = YES;
				CLANG_WARN_RANGE_LOOP_ANALYSIS = YES;
				CLANG_WARN_STRICT_PROTOTYPES = YES;
				CLANG_WARN_SUSPICIOUS_MOVE = YES;
				CLANG_WARN_UNGUARDED_AVAILABILITY = YES_AGGRESSIVE;
				CLANG_WARN_UNREACHABLE_CODE = YES;
				CLANG_WARN__DUPLICATE_METHOD_MATCH = YES;
				COPY_PHASE_STRIP = NO;
				DEBUG_INFORMATION_FORMAT = dwarf;
				ENABLE_STRICT_OBJC_MSGSEND = YES;
				ENABLE_TESTABILITY = YES;
				GCC_C_LANGUAGE_STANDARD = gnu11;
				GCC_DYNAMIC_NO_PIC = NO;
				GCC_NO_COMMON_BLOCKS = YES;
				GCC_OPTIMIZATION_LEVEL = 0;
				GCC_PREPROCESSOR_DEFINITIONS = (
					"DEBUG=1",
					"$(inherited)",
				);
				GCC_WARN_64_TO_32_BIT_CONVERSION = YES;
				GCC_WARN_ABOUT_RETURN_TYPE = YES_ERROR;
				GCC_WARN_UNDECLARED_SELECTOR = YES;
				GCC_WARN_UNINITIALIZED_AUTOS = YES_AGGRESSIVE;
				GCC_WARN_UNUSED_FUNCTION = YES;
				GCC_WARN_UNUSED_VARIABLE = YES;
				MACOSX_DEPLOYMENT_TARGET = 10.15;
				MTL_ENABLE_DEBUG_INFO = INCLUDE_SOURCE;
				MTL_FAST_MATH = YES;
				ONLY_ACTIVE_ARCH = YES;
				SDKROOT = macosx;
			};
			name = Debug;
		};
		372B242C25480402006405C4 /* Release */ = {
			isa = XCBuildConfiguration;
			buildSettings = {
				ALWAYS_SEARCH_USER_PATHS = NO;
				CLANG_ANALYZER_NONNULL = YES;
				CLANG_ANALYZER_NUMBER_OBJECT_CONVERSION = YES_AGGRESSIVE;
				CLANG_CXX_LANGUAGE_STANDARD = "gnu++14";
				CLANG_CXX_LIBRARY = "libc++";
				CLANG_ENABLE_MODULES = YES;
				CLANG_ENABLE_OBJC_ARC = YES;
				CLANG_ENABLE_OBJC_WEAK = YES;
				CLANG_WARN_BLOCK_CAPTURE_AUTORELEASING = YES;
				CLANG_WARN_BOOL_CONVERSION = YES;
				CLANG_WARN_COMMA = YES;
				CLANG_WARN_CONSTANT_CONVERSION = YES;
				CLANG_WARN_DEPRECATED_OBJC_IMPLEMENTATIONS = YES;
				CLANG_WARN_DIRECT_OBJC_ISA_USAGE = YES_ERROR;
				CLANG_WARN_DOCUMENTATION_COMMENTS = YES;
				CLANG_WARN_EMPTY_BODY = YES;
				CLANG_WARN_ENUM_CONVERSION = YES;
				CLANG_WARN_INFINITE_RECURSION = YES;
				CLANG_WARN_INT_CONVERSION = YES;
				CLANG_WARN_NON_LITERAL_NULL_CONVERSION = YES;
				CLANG_WARN_OBJC_IMPLICIT_RETAIN_SELF = YES;
				CLANG_WARN_OBJC_LITERAL_CONVERSION = YES;
				CLANG_WARN_OBJC_ROOT_CLASS = YES_ERROR;
				CLANG_WARN_QUOTED_INCLUDE_IN_FRAMEWORK_HEADER = YES;
				CLANG_WARN_RANGE_LOOP_ANALYSIS = YES;
				CLANG_WARN_STRICT_PROTOTYPES = YES;
				CLANG_WARN_SUSPICIOUS_MOVE = YES;
				CLANG_WARN_UNGUARDED_AVAILABILITY = YES_AGGRESSIVE;
				CLANG_WARN_UNREACHABLE_CODE = YES;
				CLANG_WARN__DUPLICATE_METHOD_MATCH = YES;
				COPY_PHASE_STRIP = NO;
				DEBUG_INFORMATION_FORMAT = "dwarf-with-dsym";
				ENABLE_NS_ASSERTIONS = NO;
				ENABLE_STRICT_OBJC_MSGSEND = YES;
				GCC_C_LANGUAGE_STANDARD = gnu11;
				GCC_NO_COMMON_BLOCKS = YES;
				GCC_WARN_64_TO_32_BIT_CONVERSION = YES;
				GCC_WARN_ABOUT_RETURN_TYPE = YES_ERROR;
				GCC_WARN_UNDECLARED_SELECTOR = YES;
				GCC_WARN_UNINITIALIZED_AUTOS = YES_AGGRESSIVE;
				GCC_WARN_UNUSED_FUNCTION = YES;
				GCC_WARN_UNUSED_VARIABLE = YES;
				MACOSX_DEPLOYMENT_TARGET = 10.15;
				MTL_ENABLE_DEBUG_INFO = NO;
				MTL_FAST_MATH = YES;
				SDKROOT = macosx;
			};
			name = Release;
		};
		372B242E25480402006405C4 /* Debug */ = {
			isa = XCBuildConfiguration;
			buildSettings = {
				CODE_SIGN_ENTITLEMENTS = LabProject/LabProject.entitlements;
				CODE_SIGN_IDENTITY = "Apple Development";
				CODE_SIGN_STYLE = Manual;
				DEVELOPMENT_TEAM = Q4YRD83HRY;
				ENABLE_HARDENED_RUNTIME = YES;
				HEADER_SEARCH_PATHS = (
					usr/local/include/opencv4,
					/usr/local/Cellar/opencv/4.5.0_2/include/opencv4,
				);
				LIBRARY_SEARCH_PATHS = (
					"$(inherited)",
					/usr/local/Cellar/opencv/4.5.0_2/lib,
				);
				PRODUCT_NAME = "$(TARGET_NAME)";
				PROVISIONING_PROFILE_SPECIFIER = "";
			};
			name = Debug;
		};
		372B242F25480402006405C4 /* Release */ = {
			isa = XCBuildConfiguration;
			buildSettings = {
				CODE_SIGN_ENTITLEMENTS = LabProject/LabProject.entitlements;
				CODE_SIGN_IDENTITY = "Apple Development";
				CODE_SIGN_STYLE = Manual;
				DEVELOPMENT_TEAM = Q4YRD83HRY;
				ENABLE_HARDENED_RUNTIME = YES;
				HEADER_SEARCH_PATHS = (
					usr/local/include/opencv4,
					/usr/local/Cellar/opencv/4.5.0_2/include/opencv4,
				);
				LIBRARY_SEARCH_PATHS = (
					"$(inherited)",
					/usr/local/Cellar/opencv/4.5.0_2/lib,
				);
				PRODUCT_NAME = "$(TARGET_NAME)";
				PROVISIONING_PROFILE_SPECIFIER = "";
			};
			name = Release;
		};
/* End XCBuildConfiguration section */

/* Begin XCConfigurationList section */
		372B242125480402006405C4 /* Build configuration list for PBXProject "LabProject" */ = {
			isa = XCConfigurationList;
			buildConfigurations = (
				372B242B25480402006405C4 /* Debug */,
				372B242C25480402006405C4 /* Release */,
			);
			defaultConfigurationIsVisible = 0;
			defaultConfigurationName = Release;
		};
		372B242D25480402006405C4 /* Build configuration list for PBXNativeTarget "LabProject" */ = {
			isa = XCConfigurationList;
			buildConfigurations = (
				372B242E25480402006405C4 /* Debug */,
				372B242F25480402006405C4 /* Release */,
			);
			defaultConfigurationIsVisible = 0;
			defaultConfigurationName = Release;
		};
/* End XCConfigurationList section */
	};
	rootObject = 372B241E25480402006405C4 /* Project object */;
}
